# This file was autogenerated by Stack.
# You should not edit this file by hand.
# For more information, please see the documentation at:
#   https://docs.haskellstack.org/en/stable/lock_files

packages: []
snapshots:
- completed:
    size: 467884
    url: https://raw.githubusercontent.com/commercialhaskell/stackage-snapshots/master/nightly/2020/1/24.yaml
    sha256: 55c1a4fc9222bc3b8cf91461f38e2641da675a7296f06528f47340c19d0c6e85
  original: nightly-2020-01-24
