# This file was autogenerated by Stack.
# You should not edit this file by hand.
# For more information, please see the documentation at:
#   https://docs.haskellstack.org/en/stable/lock_files

packages: []
snapshots:
- completed:
    size: 581922
    url: https://raw.githubusercontent.com/commercialhaskell/stackage-snapshots/master/nightly/2021/5/5.yaml
    sha256: 70797737e072284037792abaffd399e029da7ec3c855fd27b16898662f285d82
  original: nightly-2021-05-05
